
Microsoft Visual Studio Solution File, Format Version 12.00
# Visual Studio 15
VisualStudioVersion = 15.0.27428.2015
MinimumVisualStudioVersion = 10.0.40219.1
Project("{FAE04EC0-301F-11D3-BF4B-00C04F79EFBC}") = "Viginere Table", "Viginere Table\Viginere Table.csproj", "{791E3117-59A8-4122-A787-22B6DC28F7F9}"
EndProject
Global
	GlobalSection(SolutionConfigurationPlatforms) = preSolution
		Debug|Any CPU = Debug|Any CPU
		Release|Any CPU = Release|Any CPU
	EndGlobalSection
	GlobalSection(ProjectConfigurationPlatforms) = postSolution
		{791E3117-59A8-4122-A787-22B6DC28F7F9}.Debug|Any CPU.ActiveCfg = Debug|Any CPU
		{791E3117-59A8-4122-A787-22B6DC28F7F9}.Debug|Any CPU.Build.0 = Debug|Any CPU
		{791E3117-59A8-4122-A787-22B6DC28F7F9}.Release|Any CPU.ActiveCfg = Release|Any CPU
		{791E3117-59A8-4122-A787-22B6DC28F7F9}.Release|Any CPU.Build.0 = Release|Any CPU
	EndGlobalSection
	GlobalSection(SolutionProperties) = preSolution
		HideSolutionNode = FALSE
	EndGlobalSection
	GlobalSection(ExtensibilityGlobals) = postSolution
		SolutionGuid = {8E0DC3E0-D9A8-4C31-9798-9FAC57F01164}
	EndGlobalSection
EndGlobal
